
Microsoft Visual Studio Solution File, Format Version 12.00
# Visual Studio Version 16
VisualStudioVersion = 16.0.30413.136
MinimumVisualStudioVersion = 10.0.40219.1
Project("{FAE04EC0-301F-11D3-BF4B-00C04F79EFBC}") = "Api", "Api\Api.csproj", "{98C840F5-25D0-40F7-910F-241D2D890D48}"
EndProject
Project("{FAE04EC0-301F-11D3-BF4B-00C04F79EFBC}") = "Web", "Web\Web.csproj", "{9724FE74-083D-4384-904A-E0CDF4E1AF02}"
EndProject
Project("{FAE04EC0-301F-11D3-BF4B-00C04F79EFBC}") = "Domain", "Domain\Domain.csproj", "{3EB9151B-AF18-493C-9204-F8E8A181082E}"
EndProject
Project("{FAE04EC0-301F-11D3-BF4B-00C04F79EFBC}") = "Repository", "Repository\Repository.csproj", "{E345C589-EC2D-4ADE-A636-D3F826A36B1D}"
EndProject
Global
	GlobalSection(SolutionConfigurationPlatforms) = preSolution
		Debug|Any CPU = Debug|Any CPU
		Release|Any CPU = Release|Any CPU
	EndGlobalSection
	GlobalSection(ProjectConfigurationPlatforms) = postSolution
		{98C840F5-25D0-40F7-910F-241D2D890D48}.Debug|Any CPU.ActiveCfg = Debug|Any CPU
		{98C840F5-25D0-40F7-910F-241D2D890D48}.Debug|Any CPU.Build.0 = Debug|Any CPU
		{98C840F5-25D0-40F7-910F-241D2D890D48}.Release|Any CPU.ActiveCfg = Release|Any CPU
		{98C840F5-25D0-40F7-910F-241D2D890D48}.Release|Any CPU.Build.0 = Release|Any CPU
		{9724FE74-083D-4384-904A-E0CDF4E1AF02}.Debug|Any CPU.ActiveCfg = Debug|Any CPU
		{9724FE74-083D-4384-904A-E0CDF4E1AF02}.Debug|Any CPU.Build.0 = Debug|Any CPU
		{9724FE74-083D-4384-904A-E0CDF4E1AF02}.Release|Any CPU.ActiveCfg = Release|Any CPU
		{9724FE74-083D-4384-904A-E0CDF4E1AF02}.Release|Any CPU.Build.0 = Release|Any CPU
		{3EB9151B-AF18-493C-9204-F8E8A181082E}.Debug|Any CPU.ActiveCfg = Debug|Any CPU
		{3EB9151B-AF18-493C-9204-F8E8A181082E}.Debug|Any CPU.Build.0 = Debug|Any CPU
		{3EB9151B-AF18-493C-9204-F8E8A181082E}.Release|Any CPU.ActiveCfg = Release|Any CPU
		{3EB9151B-AF18-493C-9204-F8E8A181082E}.Release|Any CPU.Build.0 = Release|Any CPU
		{E345C589-EC2D-4ADE-A636-D3F826A36B1D}.Debug|Any CPU.ActiveCfg = Debug|Any CPU
		{E345C589-EC2D-4ADE-A636-D3F826A36B1D}.Debug|Any CPU.Build.0 = Debug|Any CPU
		{E345C589-EC2D-4ADE-A636-D3F826A36B1D}.Release|Any CPU.ActiveCfg = Release|Any CPU
		{E345C589-EC2D-4ADE-A636-D3F826A36B1D}.Release|Any CPU.Build.0 = Release|Any CPU
	EndGlobalSection
	GlobalSection(SolutionProperties) = preSolution
		HideSolutionNode = FALSE
	EndGlobalSection
	GlobalSection(ExtensibilityGlobals) = postSolution
		SolutionGuid = {1D998E65-5D23-42FC-AD84-4E01AD755EFD}
	EndGlobalSection
EndGlobal
